// !$*UTF8*$!
{
	archiveVersion = 1;
	classes = {
	};
	objectVersion = 56;
	objects = {

/* Begin PBXBuildFile section */
		ABCE0EB5298BCBE000B5D8E1 /* SwiftUI_Movieva.swift in Sources */ = {isa = PBXBuildFile; fileRef = ABCE0EB4298BCBE000B5D8E1 /* SwiftUI_Movieva.swift */; };
		ABCE0EB7298BCBE000B5D8E1 /* ContentView.swift in Sources */ = {isa = PBXBuildFile; fileRef = ABCE0EB6298BCBE000B5D8E1 /* ContentView.swift */; };
		ABCE0EB9298BCBE300B5D8E1 /* Assets.xcassets in Resources */ = {isa = PBXBuildFile; fileRef = ABCE0EB8298BCBE300B5D8E1 /* Assets.xcassets */; };
		ABCE0EBC298BCBE300B5D8E1 /* Preview Assets.xcassets in Resources */ = {isa = PBXBuildFile; fileRef = ABCE0EBB298BCBE300B5D8E1 /* Preview Assets.xcassets */; };
		ABCE0EC6298BD13900B5D8E1 /* MovieModel.swift in Sources */ = {isa = PBXBuildFile; fileRef = ABCE0EC5298BD13900B5D8E1 /* MovieModel.swift */; };
		ABCE0EC8298BD1E200B5D8E1 /* TopSlider.swift in Sources */ = {isa = PBXBuildFile; fileRef = ABCE0EC7298BD1E200B5D8E1 /* TopSlider.swift */; };
		ABCE0ECD298BD6D100B5D8E1 /* SearchScreen.swift in Sources */ = {isa = PBXBuildFile; fileRef = ABCE0ECC298BD6D100B5D8E1 /* SearchScreen.swift */; };
		ABCE0ECF298BD6DA00B5D8E1 /* WatchList.swift in Sources */ = {isa = PBXBuildFile; fileRef = ABCE0ECE298BD6DA00B5D8E1 /* WatchList.swift */; };
		ABF2088D298CF560004826FC /* MainPicker.swift in Sources */ = {isa = PBXBuildFile; fileRef = ABF2088C298CF560004826FC /* MainPicker.swift */; };
		ABF20893298CF775004826FC /* TopRatedView.swift in Sources */ = {isa = PBXBuildFile; fileRef = ABF20892298CF775004826FC /* TopRatedView.swift */; };
		ABF20895298CFAF5004826FC /* UpcomingView.swift in Sources */ = {isa = PBXBuildFile; fileRef = ABF20894298CFAF5004826FC /* UpcomingView.swift */; };
		ABF20897298CFAFD004826FC /* LatestView.swift in Sources */ = {isa = PBXBuildFile; fileRef = ABF20896298CFAFD004826FC /* LatestView.swift */; };
		ABF2089A298CFFB3004826FC /* MainScreen.swift in Sources */ = {isa = PBXBuildFile; fileRef = ABF20899298CFFB3004826FC /* MainScreen.swift */; };
		ABF208A2298D0F77004826FC /* DenemeView.swift in Sources */ = {isa = PBXBuildFile; fileRef = ABF208A1298D0F77004826FC /* DenemeView.swift */; };
		ABF208A529963CD9004826FC /* MainModel.swift in Sources */ = {isa = PBXBuildFile; fileRef = ABF208A429963CD9004826FC /* MainModel.swift */; };
		ABF208A829963E0D004826FC /* MainViewModel.swift in Sources */ = {isa = PBXBuildFile; fileRef = ABF208A729963E0D004826FC /* MainViewModel.swift */; };
		ABF208AA299A27E1004826FC /* UrlToImage.swift in Sources */ = {isa = PBXBuildFile; fileRef = ABF208A9299A27E1004826FC /* UrlToImage.swift */; };
		ABF208AC299A2F09004826FC /* denemeViewModel.swift in Sources */ = {isa = PBXBuildFile; fileRef = ABF208AB299A2F09004826FC /* denemeViewModel.swift */; };
		ABF208B0299A3964004826FC /* ListViewDeneme.swift in Sources */ = {isa = PBXBuildFile; fileRef = ABF208AF299A3964004826FC /* ListViewDeneme.swift */; };
		ABF208B2299A81CB004826FC /* MovieViewModel.swift in Sources */ = {isa = PBXBuildFile; fileRef = ABF208B1299A81CB004826FC /* MovieViewModel.swift */; };
/* End PBXBuildFile section */

/* Begin PBXFileReference section */
		ABCE0EB1298BCBE000B5D8E1 /* SwiftUI-Movieva.app */ = {isa = PBXFileReference; explicitFileType = wrapper.application; includeInIndex = 0; path = "SwiftUI-Movieva.app"; sourceTree = BUILT_PRODUCTS_DIR; };
		ABCE0EB4298BCBE000B5D8E1 /* SwiftUI_Movieva.swift */ = {isa = PBXFileReference; lastKnownFileType = sourcecode.swift; path = SwiftUI_Movieva.swift; sourceTree = "<group>"; };
		ABCE0EB6298BCBE000B5D8E1 /* ContentView.swift */ = {isa = PBXFileReference; lastKnownFileType = sourcecode.swift; path = ContentView.swift; sourceTree = "<group>"; };
		ABCE0EB8298BCBE300B5D8E1 /* Assets.xcassets */ = {isa = PBXFileReference; lastKnownFileType = folder.assetcatalog; path = Assets.xcassets; sourceTree = "<group>"; };
		ABCE0EBB298BCBE300B5D8E1 /* Preview Assets.xcassets */ = {isa = PBXFileReference; lastKnownFileType = folder.assetcatalog; path = "Preview Assets.xcassets"; sourceTree = "<group>"; };
		ABCE0EC5298BD13900B5D8E1 /* MovieModel.swift */ = {isa = PBXFileReference; lastKnownFileType = sourcecode.swift; path = MovieModel.swift; sourceTree = "<group>"; };
		ABCE0EC7298BD1E200B5D8E1 /* TopSlider.swift */ = {isa = PBXFileReference; lastKnownFileType = sourcecode.swift; path = TopSlider.swift; sourceTree = "<group>"; };
		ABCE0ECC298BD6D100B5D8E1 /* SearchScreen.swift */ = {isa = PBXFileReference; lastKnownFileType = sourcecode.swift; path = SearchScreen.swift; sourceTree = "<group>"; };
		ABCE0ECE298BD6DA00B5D8E1 /* WatchList.swift */ = {isa = PBXFileReference; lastKnownFileType = sourcecode.swift; path = WatchList.swift; sourceTree = "<group>"; };
		ABF2088C298CF560004826FC /* MainPicker.swift */ = {isa = PBXFileReference; lastKnownFileType = sourcecode.swift; path = MainPicker.swift; sourceTree = "<group>"; };
		ABF20892298CF775004826FC /* TopRatedView.swift */ = {isa = PBXFileReference; lastKnownFileType = sourcecode.swift; path = TopRatedView.swift; sourceTree = "<group>"; };
		ABF20894298CFAF5004826FC /* UpcomingView.swift */ = {isa = PBXFileReference; lastKnownFileType = sourcecode.swift; path = UpcomingView.swift; sourceTree = "<group>"; };
		ABF20896298CFAFD004826FC /* LatestView.swift */ = {isa = PBXFileReference; lastKnownFileType = sourcecode.swift; path = LatestView.swift; sourceTree = "<group>"; };
		ABF20899298CFFB3004826FC /* MainScreen.swift */ = {isa = PBXFileReference; lastKnownFileType = sourcecode.swift; path = MainScreen.swift; sourceTree = "<group>"; };
		ABF208A1298D0F77004826FC /* DenemeView.swift */ = {isa = PBXFileReference; lastKnownFileType = sourcecode.swift; path = DenemeView.swift; sourceTree = "<group>"; };
		ABF208A429963CD9004826FC /* MainModel.swift */ = {isa = PBXFileReference; lastKnownFileType = sourcecode.swift; path = MainModel.swift; sourceTree = "<group>"; };
		ABF208A729963E0D004826FC /* MainViewModel.swift */ = {isa = PBXFileReference; lastKnownFileType = sourcecode.swift; path = MainViewModel.swift; sourceTree = "<group>"; };
		ABF208A9299A27E1004826FC /* UrlToImage.swift */ = {isa = PBXFileReference; lastKnownFileType = sourcecode.swift; path = UrlToImage.swift; sourceTree = "<group>"; };
		ABF208AB299A2F09004826FC /* denemeViewModel.swift */ = {isa = PBXFileReference; lastKnownFileType = sourcecode.swift; path = denemeViewModel.swift; sourceTree = "<group>"; };
		ABF208AF299A3964004826FC /* ListViewDeneme.swift */ = {isa = PBXFileReference; lastKnownFileType = sourcecode.swift; path = ListViewDeneme.swift; sourceTree = "<group>"; };
		ABF208B1299A81CB004826FC /* MovieViewModel.swift */ = {isa = PBXFileReference; lastKnownFileType = sourcecode.swift; path = MovieViewModel.swift; sourceTree = "<group>"; };
/* End PBXFileReference section */

/* Begin PBXFrameworksBuildPhase section */
		ABCE0EAE298BCBE000B5D8E1 /* Frameworks */ = {
			isa = PBXFrameworksBuildPhase;
			buildActionMask = 2147483647;
			files = (
			);
			runOnlyForDeploymentPostprocessing = 0;
		};
/* End PBXFrameworksBuildPhase section */

/* Begin PBXGroup section */
		ABCE0EA8298BCBE000B5D8E1 = {
			isa = PBXGroup;
			children = (
				ABCE0EB3298BCBE000B5D8E1 /* SwiftUI-Movieva */,
				ABCE0EB2298BCBE000B5D8E1 /* Products */,
			);
			sourceTree = "<group>";
		};
		ABCE0EB2298BCBE000B5D8E1 /* Products */ = {
			isa = PBXGroup;
			children = (
				ABCE0EB1298BCBE000B5D8E1 /* SwiftUI-Movieva.app */,
			);
			name = Products;
			sourceTree = "<group>";
		};
		ABCE0EB3298BCBE000B5D8E1 /* SwiftUI-Movieva */ = {
			isa = PBXGroup;
			children = (
				ABF208A329963CC5004826FC /* Models */,
				ABCE0EC9298BD6A200B5D8E1 /* MainScreen */,
				ABCE0ECA298BD6B000B5D8E1 /* SearchScreen */,
				ABCE0ECB298BD6C000B5D8E1 /* WatchList */,
				ABCE0EB4298BCBE000B5D8E1 /* SwiftUI_Movieva.swift */,
				ABCE0EB6298BCBE000B5D8E1 /* ContentView.swift */,
				ABCE0EB8298BCBE300B5D8E1 /* Assets.xcassets */,
				ABCE0EBA298BCBE300B5D8E1 /* Preview Content */,
			);
			path = "SwiftUI-Movieva";
			sourceTree = "<group>";
		};
		ABCE0EBA298BCBE300B5D8E1 /* Preview Content */ = {
			isa = PBXGroup;
			children = (
				ABCE0EBB298BCBE300B5D8E1 /* Preview Assets.xcassets */,
			);
			path = "Preview Content";
			sourceTree = "<group>";
		};
		ABCE0EC2298BCEA800B5D8E1 /* View */ = {
			isa = PBXGroup;
			children = (
				ABCE0EC7298BD1E200B5D8E1 /* TopSlider.swift */,
			);
			path = View;
			sourceTree = "<group>";
		};
		ABCE0EC3298BCEAE00B5D8E1 /* ViewModel */ = {
			isa = PBXGroup;
			children = (
			);
			path = ViewModel;
			sourceTree = "<group>";
		};
		ABCE0EC4298BCEB300B5D8E1 /* Model */ = {
			isa = PBXGroup;
			children = (
				ABCE0EC5298BD13900B5D8E1 /* MovieModel.swift */,
			);
			path = Model;
			sourceTree = "<group>";
		};
		ABCE0EC9298BD6A200B5D8E1 /* MainScreen */ = {
			isa = PBXGroup;
			children = (
				ABF2089B298D04E5004826FC /* MainModel */,
				ABF208A629963DF0004826FC /* MainViewModel */,
				ABF20898298CFFA7004826FC /* MainScreen */,
				ABF2088A298CF3E1004826FC /* TopSlider */,
				ABF2088E298CF594004826FC /* Containers */,
				ABF2088B298CF539004826FC /* Picker */,
			);
			path = MainScreen;
			sourceTree = "<group>";
		};
		ABCE0ECA298BD6B000B5D8E1 /* SearchScreen */ = {
			isa = PBXGroup;
			children = (
				ABCE0ECC298BD6D100B5D8E1 /* SearchScreen.swift */,
			);
			path = SearchScreen;
			sourceTree = "<group>";
		};
		ABCE0ECB298BD6C000B5D8E1 /* WatchList */ = {
			isa = PBXGroup;
			children = (
				ABCE0ECE298BD6DA00B5D8E1 /* WatchList.swift */,
			);
			path = WatchList;
			sourceTree = "<group>";
		};
		ABF2088A298CF3E1004826FC /* TopSlider */ = {
			isa = PBXGroup;
			children = (
				ABCE0EC4298BCEB300B5D8E1 /* Model */,
				ABCE0EC3298BCEAE00B5D8E1 /* ViewModel */,
				ABCE0EC2298BCEA800B5D8E1 /* View */,
			);
			path = TopSlider;
			sourceTree = "<group>";
		};
		ABF2088B298CF539004826FC /* Picker */ = {
			isa = PBXGroup;
			children = (
				ABF2088C298CF560004826FC /* MainPicker.swift */,
			);
			path = Picker;
			sourceTree = "<group>";
		};
		ABF2088E298CF594004826FC /* Containers */ = {
			isa = PBXGroup;
			children = (
				ABF20891298CF5CA004826FC /* TopRated */,
				ABF20890298CF5A1004826FC /* Upcoming */,
				ABF2088F298CF59B004826FC /* Latest */,
			);
			path = Containers;
			sourceTree = "<group>";
		};
		ABF2088F298CF59B004826FC /* Latest */ = {
			isa = PBXGroup;
			children = (
				ABF20896298CFAFD004826FC /* LatestView.swift */,
			);
			path = Latest;
			sourceTree = "<group>";
		};
		ABF20890298CF5A1004826FC /* Upcoming */ = {
			isa = PBXGroup;
			children = (
				ABF20894298CFAF5004826FC /* UpcomingView.swift */,
			);
			path = Upcoming;
			sourceTree = "<group>";
		};
		ABF20891298CF5CA004826FC /* TopRated */ = {
			isa = PBXGroup;
			children = (
				ABF20892298CF775004826FC /* TopRatedView.swift */,
			);
			path = TopRated;
			sourceTree = "<group>";
		};
		ABF20898298CFFA7004826FC /* MainScreen */ = {
			isa = PBXGroup;
			children = (
				ABF20899298CFFB3004826FC /* MainScreen.swift */,
				ABF208A1298D0F77004826FC /* DenemeView.swift */,
				ABF208A9299A27E1004826FC /* UrlToImage.swift */,
				ABF208AF299A3964004826FC /* ListViewDeneme.swift */,
				ABF208AB299A2F09004826FC /* denemeViewModel.swift */,
			);
			path = MainScreen;
			sourceTree = "<group>";
		};
		ABF2089B298D04E5004826FC /* MainModel */ = {
			isa = PBXGroup;
			children = (
			);
			path = MainModel;
			sourceTree = "<group>";
		};
		ABF208A329963CC5004826FC /* Models */ = {
			isa = PBXGroup;
			children = (
				ABF208A429963CD9004826FC /* MainModel.swift */,
			);
			path = Models;
			sourceTree = "<group>";
		};
		ABF208A629963DF0004826FC /* MainViewModel */ = {
			isa = PBXGroup;
			children = (
				ABF208A729963E0D004826FC /* MainViewModel.swift */,
				ABF208B1299A81CB004826FC /* MovieViewModel.swift */,
			);
			path = MainViewModel;
			sourceTree = "<group>";
		};
/* End PBXGroup section */

/* Begin PBXNativeTarget section */
		ABCE0EB0298BCBE000B5D8E1 /* SwiftUI-Movieva */ = {
			isa = PBXNativeTarget;
			buildConfigurationList = ABCE0EBF298BCBE300B5D8E1 /* Build configuration list for PBXNativeTarget "SwiftUI-Movieva" */;
			buildPhases = (
				ABCE0EAD298BCBE000B5D8E1 /* Sources */,
				ABCE0EAE298BCBE000B5D8E1 /* Frameworks */,
				ABCE0EAF298BCBE000B5D8E1 /* Resources */,
			);
			buildRules = (
			);
			dependencies = (
			);
			name = "SwiftUI-Movieva";
			productName = "SwiftUI-API-Call-Decode-JSON";
			productReference = ABCE0EB1298BCBE000B5D8E1 /* SwiftUI-Movieva.app */;
			productType = "com.apple.product-type.application";
		};
/* End PBXNativeTarget section */

/* Begin PBXProject section */
		ABCE0EA9298BCBE000B5D8E1 /* Project object */ = {
			isa = PBXProject;
			attributes = {
				BuildIndependentTargetsInParallel = 1;
				LastSwiftUpdateCheck = 1420;
				LastUpgradeCheck = 1420;
				TargetAttributes = {
					ABCE0EB0298BCBE000B5D8E1 = {
						CreatedOnToolsVersion = 14.2;
					};
				};
			};
			buildConfigurationList = ABCE0EAC298BCBE000B5D8E1 /* Build configuration list for PBXProject "SwiftUI-Movieva" */;
			compatibilityVersion = "Xcode 14.0";
			developmentRegion = en;
			hasScannedForEncodings = 0;
			knownRegions = (
				en,
				Base,
			);
			mainGroup = ABCE0EA8298BCBE000B5D8E1;
			productRefGroup = ABCE0EB2298BCBE000B5D8E1 /* Products */;
			projectDirPath = "";
			projectRoot = "";
			targets = (
				ABCE0EB0298BCBE000B5D8E1 /* SwiftUI-Movieva */,
			);
		};
/* End PBXProject section */

/* Begin PBXResourcesBuildPhase section */
		ABCE0EAF298BCBE000B5D8E1 /* Resources */ = {
			isa = PBXResourcesBuildPhase;
			buildActionMask = 2147483647;
			files = (
				ABCE0EBC298BCBE300B5D8E1 /* Preview Assets.xcassets in Resources */,
				ABCE0EB9298BCBE300B5D8E1 /* Assets.xcassets in Resources */,
			);
			runOnlyForDeploymentPostprocessing = 0;
		};
/* End PBXResourcesBuildPhase section */

/* Begin PBXSourcesBuildPhase section */
		ABCE0EAD298BCBE000B5D8E1 /* Sources */ = {
			isa = PBXSourcesBuildPhase;
			buildActionMask = 2147483647;
			files = (
				ABF208B2299A81CB004826FC /* MovieViewModel.swift in Sources */,
				ABF208B0299A3964004826FC /* ListViewDeneme.swift in Sources */,
				ABF208A2298D0F77004826FC /* DenemeView.swift in Sources */,
				ABF208A529963CD9004826FC /* MainModel.swift in Sources */,
				ABF2088D298CF560004826FC /* MainPicker.swift in Sources */,
				ABCE0EC8298BD1E200B5D8E1 /* TopSlider.swift in Sources */,
				ABCE0ECD298BD6D100B5D8E1 /* SearchScreen.swift in Sources */,
				ABF2089A298CFFB3004826FC /* MainScreen.swift in Sources */,
				ABCE0EC6298BD13900B5D8E1 /* MovieModel.swift in Sources */,
				ABF208A829963E0D004826FC /* MainViewModel.swift in Sources */,
				ABF208AA299A27E1004826FC /* UrlToImage.swift in Sources */,
				ABF20893298CF775004826FC /* TopRatedView.swift in Sources */,
				ABF208AC299A2F09004826FC /* denemeViewModel.swift in Sources */,
				ABCE0EB7298BCBE000B5D8E1 /* ContentView.swift in Sources */,
				ABCE0EB5298BCBE000B5D8E1 /* SwiftUI_Movieva.swift in Sources */,
				ABCE0ECF298BD6DA00B5D8E1 /* WatchList.swift in Sources */,
				ABF20895298CFAF5004826FC /* UpcomingView.swift in Sources */,
				ABF20897298CFAFD004826FC /* LatestView.swift in Sources */,
			);
			runOnlyForDeploymentPostprocessing = 0;
		};
/* End PBXSourcesBuildPhase section */

/* Begin XCBuildConfiguration section */
		ABCE0EBD298BCBE300B5D8E1 /* Debug */ = {
			isa = XCBuildConfiguration;
			buildSettings = {
				ALWAYS_SEARCH_USER_PATHS = NO;
				CLANG_ANALYZER_NONNULL = YES;
				CLANG_ANALYZER_NUMBER_OBJECT_CONVERSION = YES_AGGRESSIVE;
				CLANG_CXX_LANGUAGE_STANDARD = "gnu++20";
				CLANG_ENABLE_MODULES = YES;
				CLANG_ENABLE_OBJC_ARC = YES;
				CLANG_ENABLE_OBJC_WEAK = YES;
				CLANG_WARN_BLOCK_CAPTURE_AUTORELEASING = YES;
				CLANG_WARN_BOOL_CONVERSION = YES;
				CLANG_WARN_COMMA = YES;
				CLANG_WARN_CONSTANT_CONVERSION = YES;
				CLANG_WARN_DEPRECATED_OBJC_IMPLEMENTATIONS = YES;
				CLANG_WARN_DIRECT_OBJC_ISA_USAGE = YES_ERROR;
				CLANG_WARN_DOCUMENTATION_COMMENTS = YES;
				CLANG_WARN_EMPTY_BODY = YES;
				CLANG_WARN_ENUM_CONVERSION = YES;
				CLANG_WARN_INFINITE_RECURSION = YES;
				CLANG_WARN_INT_CONVERSION = YES;
				CLANG_WARN_NON_LITERAL_NULL_CONVERSION = YES;
				CLANG_WARN_OBJC_IMPLICIT_RETAIN_SELF = YES;
				CLANG_WARN_OBJC_LITERAL_CONVERSION = YES;
				CLANG_WARN_OBJC_ROOT_CLASS = YES_ERROR;
				CLANG_WARN_QUOTED_INCLUDE_IN_FRAMEWORK_HEADER = YES;
				CLANG_WARN_RANGE_LOOP_ANALYSIS = YES;
				CLANG_WARN_STRICT_PROTOTYPES = YES;
				CLANG_WARN_SUSPICIOUS_MOVE = YES;
				CLANG_WARN_UNGUARDED_AVAILABILITY = YES_AGGRESSIVE;
				CLANG_WARN_UNREACHABLE_CODE = YES;
				CLANG_WARN__DUPLICATE_METHOD_MATCH = YES;
				COPY_PHASE_STRIP = NO;
				DEBUG_INFORMATION_FORMAT = dwarf;
				ENABLE_STRICT_OBJC_MSGSEND = YES;
				ENABLE_TESTABILITY = YES;
				GCC_C_LANGUAGE_STANDARD = gnu11;
				GCC_DYNAMIC_NO_PIC = NO;
				GCC_NO_COMMON_BLOCKS = YES;
				GCC_OPTIMIZATION_LEVEL = 0;
				GCC_PREPROCESSOR_DEFINITIONS = (
					"DEBUG=1",
					"$(inherited)",
				);
				GCC_WARN_64_TO_32_BIT_CONVERSION = YES;
				GCC_WARN_ABOUT_RETURN_TYPE = YES_ERROR;
				GCC_WARN_UNDECLARED_SELECTOR = YES;
				GCC_WARN_UNINITIALIZED_AUTOS = YES_AGGRESSIVE;
				GCC_WARN_UNUSED_FUNCTION = YES;
				GCC_WARN_UNUSED_VARIABLE = YES;
				IPHONEOS_DEPLOYMENT_TARGET = 16.2;
				MTL_ENABLE_DEBUG_INFO = INCLUDE_SOURCE;
				MTL_FAST_MATH = YES;
				ONLY_ACTIVE_ARCH = YES;
				SDKROOT = iphoneos;
				SWIFT_ACTIVE_COMPILATION_CONDITIONS = DEBUG;
				SWIFT_OPTIMIZATION_LEVEL = "-Onone";
			};
			name = Debug;
		};
		ABCE0EBE298BCBE300B5D8E1 /* Release */ = {
			isa = XCBuildConfiguration;
			buildSettings = {
				ALWAYS_SEARCH_USER_PATHS = NO;
				CLANG_ANALYZER_NONNULL = YES;
				CLANG_ANALYZER_NUMBER_OBJECT_CONVERSION = YES_AGGRESSIVE;
				CLANG_CXX_LANGUAGE_STANDARD = "gnu++20";
				CLANG_ENABLE_MODULES = YES;
				CLANG_ENABLE_OBJC_ARC = YES;
				CLANG_ENABLE_OBJC_WEAK = YES;
				CLANG_WARN_BLOCK_CAPTURE_AUTORELEASING = YES;
				CLANG_WARN_BOOL_CONVERSION = YES;
				CLANG_WARN_COMMA = YES;
				CLANG_WARN_CONSTANT_CONVERSION = YES;
				CLANG_WARN_DEPRECATED_OBJC_IMPLEMENTATIONS = YES;
				CLANG_WARN_DIRECT_OBJC_ISA_USAGE = YES_ERROR;
				CLANG_WARN_DOCUMENTATION_COMMENTS = YES;
				CLANG_WARN_EMPTY_BODY = YES;
				CLANG_WARN_ENUM_CONVERSION = YES;
				CLANG_WARN_INFINITE_RECURSION = YES;
				CLANG_WARN_INT_CONVERSION = YES;
				CLANG_WARN_NON_LITERAL_NULL_CONVERSION = YES;
				CLANG_WARN_OBJC_IMPLICIT_RETAIN_SELF = YES;
				CLANG_WARN_OBJC_LITERAL_CONVERSION = YES;
				CLANG_WARN_OBJC_ROOT_CLASS = YES_ERROR;
				CLANG_WARN_QUOTED_INCLUDE_IN_FRAMEWORK_HEADER = YES;
				CLANG_WARN_RANGE_LOOP_ANALYSIS = YES;
				CLANG_WARN_STRICT_PROTOTYPES = YES;
				CLANG_WARN_SUSPICIOUS_MOVE = YES;
				CLANG_WARN_UNGUARDED_AVAILABILITY = YES_AGGRESSIVE;
				CLANG_WARN_UNREACHABLE_CODE = YES;
				CLANG_WARN__DUPLICATE_METHOD_MATCH = YES;
				COPY_PHASE_STRIP = NO;
				DEBUG_INFORMATION_FORMAT = "dwarf-with-dsym";
				ENABLE_NS_ASSERTIONS = NO;
				ENABLE_STRICT_OBJC_MSGSEND = YES;
				GCC_C_LANGUAGE_STANDARD = gnu11;
				GCC_NO_COMMON_BLOCKS = YES;
				GCC_WARN_64_TO_32_BIT_CONVERSION = YES;
				GCC_WARN_ABOUT_RETURN_TYPE = YES_ERROR;
				GCC_WARN_UNDECLARED_SELECTOR = YES;
				GCC_WARN_UNINITIALIZED_AUTOS = YES_AGGRESSIVE;
				GCC_WARN_UNUSED_FUNCTION = YES;
				GCC_WARN_UNUSED_VARIABLE = YES;
				IPHONEOS_DEPLOYMENT_TARGET = 16.2;
				MTL_ENABLE_DEBUG_INFO = NO;
				MTL_FAST_MATH = YES;
				SDKROOT = iphoneos;
				SWIFT_COMPILATION_MODE = wholemodule;
				SWIFT_OPTIMIZATION_LEVEL = "-O";
				VALIDATE_PRODUCT = YES;
			};
			name = Release;
		};
		ABCE0EC0298BCBE300B5D8E1 /* Debug */ = {
			isa = XCBuildConfiguration;
			buildSettings = {
				ASSETCATALOG_COMPILER_APPICON_NAME = AppIcon;
				ASSETCATALOG_COMPILER_GLOBAL_ACCENT_COLOR_NAME = AccentColor;
				CODE_SIGN_STYLE = Automatic;
				CURRENT_PROJECT_VERSION = 1;
				DEVELOPMENT_ASSET_PATHS = "\"SwiftUI-Movieva/Preview Content\"";
				DEVELOPMENT_TEAM = 78MJ3JMN9B;
				ENABLE_PREVIEWS = YES;
				GENERATE_INFOPLIST_FILE = YES;
				INFOPLIST_KEY_CFBundleDisplayName = "SwiftUI-Movieva";
				INFOPLIST_KEY_UIApplicationSceneManifest_Generation = YES;
				INFOPLIST_KEY_UIApplicationSupportsIndirectInputEvents = YES;
				INFOPLIST_KEY_UILaunchScreen_Generation = YES;
				INFOPLIST_KEY_UISupportedInterfaceOrientations = UIInterfaceOrientationPortrait;
				IPHONEOS_DEPLOYMENT_TARGET = 14.0;
				LD_RUNPATH_SEARCH_PATHS = (
					"$(inherited)",
					"@executable_path/Frameworks",
				);
				MARKETING_VERSION = 1.0;
				PRODUCT_BUNDLE_IDENTIFIER = "com.psigaming.SwiftUI-API-Call-Decode-JSON";
				PRODUCT_NAME = "$(TARGET_NAME)";
				SWIFT_EMIT_LOC_STRINGS = YES;
				SWIFT_VERSION = 5.0;
				TARGETED_DEVICE_FAMILY = "1,2";
			};
			name = Debug;
		};
		ABCE0EC1298BCBE300B5D8E1 /* Release */ = {
			isa = XCBuildConfiguration;
			buildSettings = {
				ASSETCATALOG_COMPILER_APPICON_NAME = AppIcon;
				ASSETCATALOG_COMPILER_GLOBAL_ACCENT_COLOR_NAME = AccentColor;
				CODE_SIGN_STYLE = Automatic;
				CURRENT_PROJECT_VERSION = 1;
				DEVELOPMENT_ASSET_PATHS = "\"SwiftUI-Movieva/Preview Content\"";
				DEVELOPMENT_TEAM = 78MJ3JMN9B;
				ENABLE_PREVIEWS = YES;
				GENERATE_INFOPLIST_FILE = YES;
				INFOPLIST_KEY_CFBundleDisplayName = "SwiftUI-Movieva";
				INFOPLIST_KEY_UIApplicationSceneManifest_Generation = YES;
				INFOPLIST_KEY_UIApplicationSupportsIndirectInputEvents = YES;
				INFOPLIST_KEY_UILaunchScreen_Generation = YES;
				INFOPLIST_KEY_UISupportedInterfaceOrientations = UIInterfaceOrientationPortrait;
				IPHONEOS_DEPLOYMENT_TARGET = 14.0;
				LD_RUNPATH_SEARCH_PATHS = (
					"$(inherited)",
					"@executable_path/Frameworks",
				);
				MARKETING_VERSION = 1.0;
				PRODUCT_BUNDLE_IDENTIFIER = "com.psigaming.SwiftUI-API-Call-Decode-JSON";
				PRODUCT_NAME = "$(TARGET_NAME)";
				SWIFT_EMIT_LOC_STRINGS = YES;
				SWIFT_VERSION = 5.0;
				TARGETED_DEVICE_FAMILY = "1,2";
			};
			name = Release;
		};
/* End XCBuildConfiguration section */

/* Begin XCConfigurationList section */
		ABCE0EAC298BCBE000B5D8E1 /* Build configuration list for PBXProject "SwiftUI-Movieva" */ = {
			isa = XCConfigurationList;
			buildConfigurations = (
				ABCE0EBD298BCBE300B5D8E1 /* Debug */,
				ABCE0EBE298BCBE300B5D8E1 /* Release */,
			);
			defaultConfigurationIsVisible = 0;
			defaultConfigurationName = Release;
		};
		ABCE0EBF298BCBE300B5D8E1 /* Build configuration list for PBXNativeTarget "SwiftUI-Movieva" */ = {
			isa = XCConfigurationList;
			buildConfigurations = (
				ABCE0EC0298BCBE300B5D8E1 /* Debug */,
				ABCE0EC1298BCBE300B5D8E1 /* Release */,
			);
			defaultConfigurationIsVisible = 0;
			defaultConfigurationName = Release;
		};
/* End XCConfigurationList section */
	};
	rootObject = ABCE0EA9298BCBE000B5D8E1 /* Project object */;
}
